// !$*UTF8*$!
{
	archiveVersion = 1;
	classes = {
	};
	objectVersion = 48;
	objects = {

/* Begin PBXBuildFile section */
		3708E7611FB2852E0051663D /* AppDelegate.swift in Sources */ = {isa = PBXBuildFile; fileRef = 3708E7601FB2852E0051663D /* AppDelegate.swift */; };
		3708E7661FB2852E0051663D /* Main.storyboard in Resources */ = {isa = PBXBuildFile; fileRef = 3708E7641FB2852E0051663D /* Main.storyboard */; };
		3708E7681FB2852E0051663D /* Assets.xcassets in Resources */ = {isa = PBXBuildFile; fileRef = 3708E7671FB2852E0051663D /* Assets.xcassets */; };
		3708E76B1FB2852E0051663D /* LaunchScreen.storyboard in Resources */ = {isa = PBXBuildFile; fileRef = 3708E7691FB2852E0051663D /* LaunchScreen.storyboard */; };
		3708E7731FB287DD0051663D /* SubjectListTBV.swift in Sources */ = {isa = PBXBuildFile; fileRef = 3708E7721FB287DD0051663D /* SubjectListTBV.swift */; };
		370D11D71FB28E0800E61D5E /* math.png in Resources */ = {isa = PBXBuildFile; fileRef = 370D11D61FB28E0700E61D5E /* math.png */; };
		370D11D91FB28E4100E61D5E /* science.jpeg in Resources */ = {isa = PBXBuildFile; fileRef = 370D11D81FB28E4100E61D5E /* science.jpeg */; };
		370D11DB1FB28E5A00E61D5E /* hero.png in Resources */ = {isa = PBXBuildFile; fileRef = 370D11DA1FB28E5A00E61D5E /* hero.png */; };
		370D11DD1FB28F5900E61D5E /* Subject.swift in Sources */ = {isa = PBXBuildFile; fileRef = 370D11DC1FB28F5900E61D5E /* Subject.swift */; };
		372004D31FC2CAD800097AD6 /* Questions.swift in Sources */ = {isa = PBXBuildFile; fileRef = 372004D21FC2CAD800097AD6 /* Questions.swift */; };
		372004D51FC2CB3A00097AD6 /* GetData.swift in Sources */ = {isa = PBXBuildFile; fileRef = 372004D41FC2CB3A00097AD6 /* GetData.swift */; };
		376C7BE71FBD0B92004C715E /* QuestionViewController.swift in Sources */ = {isa = PBXBuildFile; fileRef = 376C7BE61FBD0B92004C715E /* QuestionViewController.swift */; };
		376C7BE91FBD0C48004C715E /* AnswerViewController.swift in Sources */ = {isa = PBXBuildFile; fileRef = 376C7BE81FBD0C48004C715E /* AnswerViewController.swift */; };
		376C7BEB1FBD0C58004C715E /* FinishViewController.swift in Sources */ = {isa = PBXBuildFile; fileRef = 376C7BEA1FBD0C58004C715E /* FinishViewController.swift */; };
/* End PBXBuildFile section */

/* Begin PBXFileReference section */
		3708E75D1FB2852E0051663D /* iQuiz.app */ = {isa = PBXFileReference; explicitFileType = wrapper.application; includeInIndex = 0; path = iQuiz.app; sourceTree = BUILT_PRODUCTS_DIR; };
		3708E7601FB2852E0051663D /* AppDelegate.swift */ = {isa = PBXFileReference; lastKnownFileType = sourcecode.swift; path = AppDelegate.swift; sourceTree = "<group>"; };
		3708E7651FB2852E0051663D /* Base */ = {isa = PBXFileReference; lastKnownFileType = file.storyboard; name = Base; path = Base.lproj/Main.storyboard; sourceTree = "<group>"; };
		3708E7671FB2852E0051663D /* Assets.xcassets */ = {isa = PBXFileReference; lastKnownFileType = folder.assetcatalog; path = Assets.xcassets; sourceTree = "<group>"; };
		3708E76A1FB2852E0051663D /* Base */ = {isa = PBXFileReference; lastKnownFileType = file.storyboard; name = Base; path = Base.lproj/LaunchScreen.storyboard; sourceTree = "<group>"; };
		3708E76C1FB2852E0051663D /* Info.plist */ = {isa = PBXFileReference; lastKnownFileType = text.plist.xml; path = Info.plist; sourceTree = "<group>"; };
		3708E7721FB287DD0051663D /* SubjectListTBV.swift */ = {isa = PBXFileReference; lastKnownFileType = sourcecode.swift; path = SubjectListTBV.swift; sourceTree = "<group>"; };
		370D11D61FB28E0700E61D5E /* math.png */ = {isa = PBXFileReference; lastKnownFileType = image.png; path = math.png; sourceTree = SOURCE_ROOT; };
		370D11D81FB28E4100E61D5E /* science.jpeg */ = {isa = PBXFileReference; lastKnownFileType = image.jpeg; path = science.jpeg; sourceTree = SOURCE_ROOT; };
		370D11DA1FB28E5A00E61D5E /* hero.png */ = {isa = PBXFileReference; lastKnownFileType = image.png; path = hero.png; sourceTree = SOURCE_ROOT; };
		370D11DC1FB28F5900E61D5E /* Subject.swift */ = {isa = PBXFileReference; lastKnownFileType = sourcecode.swift; path = Subject.swift; sourceTree = "<group>"; };
		372004D21FC2CAD800097AD6 /* Questions.swift */ = {isa = PBXFileReference; lastKnownFileType = sourcecode.swift; path = Questions.swift; sourceTree = "<group>"; };
		372004D41FC2CB3A00097AD6 /* GetData.swift */ = {isa = PBXFileReference; lastKnownFileType = sourcecode.swift; path = GetData.swift; sourceTree = "<group>"; };
		376C7BE61FBD0B92004C715E /* QuestionViewController.swift */ = {isa = PBXFileReference; lastKnownFileType = sourcecode.swift; path = QuestionViewController.swift; sourceTree = "<group>"; };
		376C7BE81FBD0C48004C715E /* AnswerViewController.swift */ = {isa = PBXFileReference; lastKnownFileType = sourcecode.swift; path = AnswerViewController.swift; sourceTree = "<group>"; };
		376C7BEA1FBD0C58004C715E /* FinishViewController.swift */ = {isa = PBXFileReference; lastKnownFileType = sourcecode.swift; path = FinishViewController.swift; sourceTree = "<group>"; };
/* End PBXFileReference section */

/* Begin PBXFrameworksBuildPhase section */
		3708E75A1FB2852E0051663D /* Frameworks */ = {
			isa = PBXFrameworksBuildPhase;
			buildActionMask = 2147483647;
			files = (
			);
			runOnlyForDeploymentPostprocessing = 0;
		};
/* End PBXFrameworksBuildPhase section */

/* Begin PBXGroup section */
		3708E7541FB2852D0051663D = {
			isa = PBXGroup;
			children = (
				3708E75F1FB2852E0051663D /* iQuiz */,
				3708E75E1FB2852E0051663D /* Products */,
			);
			sourceTree = "<group>";
		};
		3708E75E1FB2852E0051663D /* Products */ = {
			isa = PBXGroup;
			children = (
				3708E75D1FB2852E0051663D /* iQuiz.app */,
			);
			name = Products;
			sourceTree = "<group>";
		};
		3708E75F1FB2852E0051663D /* iQuiz */ = {
			isa = PBXGroup;
			children = (
				370D11DA1FB28E5A00E61D5E /* hero.png */,
				370D11D81FB28E4100E61D5E /* science.jpeg */,
				370D11D61FB28E0700E61D5E /* math.png */,
				3708E7601FB2852E0051663D /* AppDelegate.swift */,
				3708E7641FB2852E0051663D /* Main.storyboard */,
				3708E7671FB2852E0051663D /* Assets.xcassets */,
				3708E7691FB2852E0051663D /* LaunchScreen.storyboard */,
				3708E76C1FB2852E0051663D /* Info.plist */,
				3708E7721FB287DD0051663D /* SubjectListTBV.swift */,
				370D11DC1FB28F5900E61D5E /* Subject.swift */,
				376C7BE61FBD0B92004C715E /* QuestionViewController.swift */,
				376C7BE81FBD0C48004C715E /* AnswerViewController.swift */,
				376C7BEA1FBD0C58004C715E /* FinishViewController.swift */,
				372004D21FC2CAD800097AD6 /* Questions.swift */,
				372004D41FC2CB3A00097AD6 /* GetData.swift */,
			);
			path = iQuiz;
			sourceTree = "<group>";
		};
/* End PBXGroup section */

/* Begin PBXNativeTarget section */
		3708E75C1FB2852E0051663D /* iQuiz */ = {
			isa = PBXNativeTarget;
			buildConfigurationList = 3708E76F1FB2852E0051663D /* Build configuration list for PBXNativeTarget "iQuiz" */;
			buildPhases = (
				3708E7591FB2852E0051663D /* Sources */,
				3708E75A1FB2852E0051663D /* Frameworks */,
				3708E75B1FB2852E0051663D /* Resources */,
			);
			buildRules = (
			);
			dependencies = (
			);
			name = iQuiz;
			productName = iQuiz;
			productReference = 3708E75D1FB2852E0051663D /* iQuiz.app */;
			productType = "com.apple.product-type.application";
		};
/* End PBXNativeTarget section */

/* Begin PBXProject section */
		3708E7551FB2852D0051663D /* Project object */ = {
			isa = PBXProject;
			attributes = {
				LastSwiftUpdateCheck = 0900;
				LastUpgradeCheck = 0900;
				ORGANIZATIONNAME = "Su Wang";
				TargetAttributes = {
					3708E75C1FB2852E0051663D = {
						CreatedOnToolsVersion = 9.0;
						ProvisioningStyle = Automatic;
					};
				};
			};
			buildConfigurationList = 3708E7581FB2852D0051663D /* Build configuration list for PBXProject "iQuiz" */;
			compatibilityVersion = "Xcode 8.0";
			developmentRegion = en;
			hasScannedForEncodings = 0;
			knownRegions = (
				en,
				Base,
			);
			mainGroup = 3708E7541FB2852D0051663D;
			productRefGroup = 3708E75E1FB2852E0051663D /* Products */;
			projectDirPath = "";
			projectRoot = "";
			targets = (
				3708E75C1FB2852E0051663D /* iQuiz */,
			);
		};
/* End PBXProject section */

/* Begin PBXResourcesBuildPhase section */
		3708E75B1FB2852E0051663D /* Resources */ = {
			isa = PBXResourcesBuildPhase;
			buildActionMask = 2147483647;
			files = (
				3708E76B1FB2852E0051663D /* LaunchScreen.storyboard in Resources */,
				370D11D71FB28E0800E61D5E /* math.png in Resources */,
				370D11D91FB28E4100E61D5E /* science.jpeg in Resources */,
				3708E7681FB2852E0051663D /* Assets.xcassets in Resources */,
				3708E7661FB2852E0051663D /* Main.storyboard in Resources */,
				370D11DB1FB28E5A00E61D5E /* hero.png in Resources */,
			);
			runOnlyForDeploymentPostprocessing = 0;
		};
/* End PBXResourcesBuildPhase section */

/* Begin PBXSourcesBuildPhase section */
		3708E7591FB2852E0051663D /* Sources */ = {
			isa = PBXSourcesBuildPhase;
			buildActionMask = 2147483647;
			files = (
				3708E7611FB2852E0051663D /* AppDelegate.swift in Sources */,
				370D11DD1FB28F5900E61D5E /* Subject.swift in Sources */,
				372004D51FC2CB3A00097AD6 /* GetData.swift in Sources */,
				376C7BE91FBD0C48004C715E /* AnswerViewController.swift in Sources */,
				372004D31FC2CAD800097AD6 /* Questions.swift in Sources */,
				376C7BE71FBD0B92004C715E /* QuestionViewController.swift in Sources */,
				3708E7731FB287DD0051663D /* SubjectListTBV.swift in Sources */,
				376C7BEB1FBD0C58004C715E /* FinishViewController.swift in Sources */,
			);
			runOnlyForDeploymentPostprocessing = 0;
		};
/* End PBXSourcesBuildPhase section */

/* Begin PBXVariantGroup section */
		3708E7641FB2852E0051663D /* Main.storyboard */ = {
			isa = PBXVariantGroup;
			children = (
				3708E7651FB2852E0051663D /* Base */,
			);
			name = Main.storyboard;
			sourceTree = "<group>";
		};
		3708E7691FB2852E0051663D /* LaunchScreen.storyboard */ = {
			isa = PBXVariantGroup;
			children = (
				3708E76A1FB2852E0051663D /* Base */,
			);
			name = LaunchScreen.storyboard;
			sourceTree = "<group>";
		};
/* End PBXVariantGroup section */

/* Begin XCBuildConfiguration section */
		3708E76D1FB2852E0051663D /* Debug */ = {
			isa = XCBuildConfiguration;
			buildSettings = {
				ALWAYS_SEARCH_USER_PATHS = NO;
				CLANG_ANALYZER_NONNULL = YES;
				CLANG_ANALYZER_NUMBER_OBJECT_CONVERSION = YES_AGGRESSIVE;
				CLANG_CXX_LANGUAGE_STANDARD = "gnu++14";
				CLANG_CXX_LIBRARY = "libc++";
				CLANG_ENABLE_MODULES = YES;
				CLANG_ENABLE_OBJC_ARC = YES;
				CLANG_WARN_BLOCK_CAPTURE_AUTORELEASING = YES;
				CLANG_WARN_BOOL_CONVERSION = YES;
				CLANG_WARN_COMMA = YES;
				CLANG_WARN_CONSTANT_CONVERSION = YES;
				CLANG_WARN_DIRECT_OBJC_ISA_USAGE = YES_ERROR;
				CLANG_WARN_DOCUMENTATION_COMMENTS = YES;
				CLANG_WARN_EMPTY_BODY = YES;
				CLANG_WARN_ENUM_CONVERSION = YES;
				CLANG_WARN_INFINITE_RECURSION = YES;
				CLANG_WARN_INT_CONVERSION = YES;
				CLANG_WARN_NON_LITERAL_NULL_CONVERSION = YES;
				CLANG_WARN_OBJC_LITERAL_CONVERSION = YES;
				CLANG_WARN_OBJC_ROOT_CLASS = YES_ERROR;
				CLANG_WARN_RANGE_LOOP_ANALYSIS = YES;
				CLANG_WARN_STRICT_PROTOTYPES = YES;
				CLANG_WARN_SUSPICIOUS_MOVE = YES;
				CLANG_WARN_UNGUARDED_AVAILABILITY = YES_AGGRESSIVE;
				CLANG_WARN_UNREACHABLE_CODE = YES;
				CLANG_WARN__DUPLICATE_METHOD_MATCH = YES;
				CODE_SIGN_IDENTITY = "iPhone Developer";
				COPY_PHASE_STRIP = NO;
				DEBUG_INFORMATION_FORMAT = dwarf;
				ENABLE_STRICT_OBJC_MSGSEND = YES;
				ENABLE_TESTABILITY = YES;
				GCC_C_LANGUAGE_STANDARD = gnu11;
				GCC_DYNAMIC_NO_PIC = NO;
				GCC_NO_COMMON_BLOCKS = YES;
				GCC_OPTIMIZATION_LEVEL = 0;
				GCC_PREPROCESSOR_DEFINITIONS = (
					"DEBUG=1",
					"$(inherited)",
				);
				GCC_WARN_64_TO_32_BIT_CONVERSION = YES;
				GCC_WARN_ABOUT_RETURN_TYPE = YES_ERROR;
				GCC_WARN_UNDECLARED_SELECTOR = YES;
				GCC_WARN_UNINITIALIZED_AUTOS = YES_AGGRESSIVE;
				GCC_WARN_UNUSED_FUNCTION = YES;
				GCC_WARN_UNUSED_VARIABLE = YES;
				IPHONEOS_DEPLOYMENT_TARGET = 11.0;
				MTL_ENABLE_DEBUG_INFO = YES;
				ONLY_ACTIVE_ARCH = YES;
				SDKROOT = iphoneos;
				SWIFT_ACTIVE_COMPILATION_CONDITIONS = DEBUG;
				SWIFT_OPTIMIZATION_LEVEL = "-Onone";
			};
			name = Debug;
		};
		3708E76E1FB2852E0051663D /* Release */ = {
			isa = XCBuildConfiguration;
			buildSettings = {
				ALWAYS_SEARCH_USER_PATHS = NO;
				CLANG_ANALYZER_NONNULL = YES;
				CLANG_ANALYZER_NUMBER_OBJECT_CONVERSION = YES_AGGRESSIVE;
				CLANG_CXX_LANGUAGE_STANDARD = "gnu++14";
				CLANG_CXX_LIBRARY = "libc++";
				CLANG_ENABLE_MODULES = YES;
				CLANG_ENABLE_OBJC_ARC = YES;
				CLANG_WARN_BLOCK_CAPTURE_AUTORELEASING = YES;
				CLANG_WARN_BOOL_CONVERSION = YES;
				CLANG_WARN_COMMA = YES;
				CLANG_WARN_CONSTANT_CONVERSION = YES;
				CLANG_WARN_DIRECT_OBJC_ISA_USAGE = YES_ERROR;
				CLANG_WARN_DOCUMENTATION_COMMENTS = YES;
				CLANG_WARN_EMPTY_BODY = YES;
				CLANG_WARN_ENUM_CONVERSION = YES;
				CLANG_WARN_INFINITE_RECURSION = YES;
				CLANG_WARN_INT_CONVERSION = YES;
				CLANG_WARN_NON_LITERAL_NULL_CONVERSION = YES;
				CLANG_WARN_OBJC_LITERAL_CONVERSION = YES;
				CLANG_WARN_OBJC_ROOT_CLASS = YES_ERROR;
				CLANG_WARN_RANGE_LOOP_ANALYSIS = YES;
				CLANG_WARN_STRICT_PROTOTYPES = YES;
				CLANG_WARN_SUSPICIOUS_MOVE = YES;
				CLANG_WARN_UNGUARDED_AVAILABILITY = YES_AGGRESSIVE;
				CLANG_WARN_UNREACHABLE_CODE = YES;
				CLANG_WARN__DUPLICATE_METHOD_MATCH = YES;
				CODE_SIGN_IDENTITY = "iPhone Developer";
				COPY_PHASE_STRIP = NO;
				DEBUG_INFORMATION_FORMAT = "dwarf-with-dsym";
				ENABLE_NS_ASSERTIONS = NO;
				ENABLE_STRICT_OBJC_MSGSEND = YES;
				GCC_C_LANGUAGE_STANDARD = gnu11;
				GCC_NO_COMMON_BLOCKS = YES;
				GCC_WARN_64_TO_32_BIT_CONVERSION = YES;
				GCC_WARN_ABOUT_RETURN_TYPE = YES_ERROR;
				GCC_WARN_UNDECLARED_SELECTOR = YES;
				GCC_WARN_UNINITIALIZED_AUTOS = YES_AGGRESSIVE;
				GCC_WARN_UNUSED_FUNCTION = YES;
				GCC_WARN_UNUSED_VARIABLE = YES;
				IPHONEOS_DEPLOYMENT_TARGET = 11.0;
				MTL_ENABLE_DEBUG_INFO = NO;
				SDKROOT = iphoneos;
				SWIFT_OPTIMIZATION_LEVEL = "-Owholemodule";
				VALIDATE_PRODUCT = YES;
			};
			name = Release;
		};
		3708E7701FB2852E0051663D /* Debug */ = {
			isa = XCBuildConfiguration;
			buildSettings = {
				ASSETCATALOG_COMPILER_APPICON_NAME = AppIcon;
				CODE_SIGN_STYLE = Automatic;
				DEVELOPMENT_TEAM = 975HC67AXN;
				INFOPLIST_FILE = iQuiz/Info.plist;
				IPHONEOS_DEPLOYMENT_TARGET = 10.3;
				LD_RUNPATH_SEARCH_PATHS = "$(inherited) @executable_path/Frameworks";
				PRODUCT_BUNDLE_IDENTIFIER = edu.uw.ischool.sw1507.iQuiz;
				PRODUCT_NAME = "$(TARGET_NAME)";
				SWIFT_VERSION = 4.0;
				TARGETED_DEVICE_FAMILY = "1,2";
			};
			name = Debug;
		};
		3708E7711FB2852E0051663D /* Release */ = {
			isa = XCBuildConfiguration;
			buildSettings = {
				ASSETCATALOG_COMPILER_APPICON_NAME = AppIcon;
				CODE_SIGN_STYLE = Automatic;
				DEVELOPMENT_TEAM = 975HC67AXN;
				INFOPLIST_FILE = iQuiz/Info.plist;
				IPHONEOS_DEPLOYMENT_TARGET = 10.3;
				LD_RUNPATH_SEARCH_PATHS = "$(inherited) @executable_path/Frameworks";
				PRODUCT_BUNDLE_IDENTIFIER = edu.uw.ischool.sw1507.iQuiz;
				PRODUCT_NAME = "$(TARGET_NAME)";
				SWIFT_VERSION = 4.0;
				TARGETED_DEVICE_FAMILY = "1,2";
			};
			name = Release;
		};
/* End XCBuildConfiguration section */

/* Begin XCConfigurationList section */
		3708E7581FB2852D0051663D /* Build configuration list for PBXProject "iQuiz" */ = {
			isa = XCConfigurationList;
			buildConfigurations = (
				3708E76D1FB2852E0051663D /* Debug */,
				3708E76E1FB2852E0051663D /* Release */,
			);
			defaultConfigurationIsVisible = 0;
			defaultConfigurationName = Release;
		};
		3708E76F1FB2852E0051663D /* Build configuration list for PBXNativeTarget "iQuiz" */ = {
			isa = XCConfigurationList;
			buildConfigurations = (
				3708E7701FB2852E0051663D /* Debug */,
				3708E7711FB2852E0051663D /* Release */,
			);
			defaultConfigurationIsVisible = 0;
			defaultConfigurationName = Release;
		};
/* End XCConfigurationList section */
	};
	rootObject = 3708E7551FB2852D0051663D /* Project object */;
}
